{
	"requires": true,
	"lockfileVersion": 1,
	"dependencies": {
		"@angular/common": {
			"version": "4.3.3",
			"resolved": "https://registry.npmjs.org/@angular/common/-/common-4.3.3.tgz",
			"integrity": "sha1-H6++ozr066TN3YZ371eg92pQSIw=",
			"requires": {
				"tslib": "1.7.1"
			}
		},
		"@angular/core": {
			"version": "4.3.3",
			"resolved": "https://registry.npmjs.org/@angular/core/-/core-4.3.3.tgz",
			"integrity": "sha1-jmp2kUZh20B/otiN0kQcTAFv9iU=",
			"requires": {
				"tslib": "1.7.1"
			}
		},
		"@angular/forms": {
			"version": "4.3.3",
			"resolved": "https://registry.npmjs.org/@angular/forms/-/forms-4.3.3.tgz",
			"integrity": "sha1-CRKuu4GKF29OCLffDsn9QCHvy2s=",
			"requires": {
				"tslib": "1.7.1"
			}
		},
		"@angular/router": {
			"version": "4.3.3",
			"resolved": "https://registry.npmjs.org/@angular/router/-/router-4.3.3.tgz",
			"integrity": "sha1-8/kATsMbT+TRVHfh5j4RjfNq1G0=",
			"requires": {
				"tslib": "1.7.1"
			}
		},
		"tslib": {
			"version": "1.7.1",
			"resolved": "https://registry.npmjs.org/tslib/-/tslib-1.7.1.tgz",
			"integrity": "sha1-vIAEFkaRkjp5/oN4u+s9ogF1OOw="
		}
	}
}
