{
	"requires": true,
	"lockfileVersion": 1,
	"dependencies": {
		"@angular/common": {
			"version": "4.3.5",
			"resolved": "https://registry.npmjs.org/@angular/common/-/common-4.3.5.tgz",
			"integrity": "sha1-X2sRNH6uHfw0YjzP1MBsj0xIji0=",
			"requires": {
				"tslib": "1.7.1"
			}
		},
		"@angular/core": {
			"version": "4.3.5",
			"resolved": "https://registry.npmjs.org/@angular/core/-/core-4.3.5.tgz",
			"integrity": "sha1-vR79vx68+5wnojjiqkxIFZsIlbs=",
			"requires": {
				"tslib": "1.7.1"
			}
		},
		"@angular/forms": {
			"version": "4.3.5",
			"resolved": "https://registry.npmjs.org/@angular/forms/-/forms-4.3.5.tgz",
			"integrity": "sha1-UZqtCtgqG4cBmTf6k/wUdzRzd4c=",
			"requires": {
				"tslib": "1.7.1"
			}
		},
		"@angular/http": {
			"version": "4.3.5",
			"resolved": "https://registry.npmjs.org/@angular/http/-/http-4.3.5.tgz",
			"integrity": "sha1-gdSwdhyO8DXLC3NjAMI382KG8fA=",
			"requires": {
				"tslib": "1.7.1"
			}
		},
		"@angular/platform-browser": {
			"version": "4.3.5",
			"resolved": "https://registry.npmjs.org/@angular/platform-browser/-/platform-browser-4.3.5.tgz",
			"integrity": "sha1-wNA0CUmcwp+BZ3qrYjyQhnYNhO8=",
			"requires": {
				"tslib": "1.7.1"
			}
		},
		"@angular/platform-browser-dynamic": {
			"version": "4.3.5",
			"resolved": "https://registry.npmjs.org/@angular/platform-browser-dynamic/-/platform-browser-dynamic-4.3.5.tgz",
			"integrity": "sha1-Sml7OwrsgFsziE/UqbNHMGW6seA=",
			"requires": {
				"tslib": "1.7.1"
			}
		},
		"@angular/router": {
			"version": "4.3.5",
			"resolved": "https://registry.npmjs.org/@angular/router/-/router-4.3.5.tgz",
			"integrity": "sha1-GICCdHvJtpdPnUs/VVe0NGRdI80=",
			"requires": {
				"tslib": "1.7.1"
			}
		},
		"@ng-bootstrap/ng-bootstrap": {
			"version": "1.0.0-beta.1",
			"resolved": "https://registry.npmjs.org/@ng-bootstrap/ng-bootstrap/-/ng-bootstrap-1.0.0-beta.1.tgz",
			"integrity": "sha1-p9WTUpPfIqInW/Vy8hl7RRNuPFI="
		},
		"@ngx-plus/ngx-forms": {
			"version": "0.3.1",
			"resolved": "https://registry.npmjs.org/@ngx-plus/ngx-forms/-/ngx-forms-0.3.1.tgz",
			"integrity": "sha512-rZnivPTO1hHxgkCTa520MrCBckIJ1Sozduq0MsqN/IojsAWza1jU2M+ZIjSAy7Yadqf+JdIOX0Jg6NKn2njXew==",
			"requires": {
				"@angular/common": "4.3.5",
				"@angular/core": "4.3.5",
				"@angular/forms": "4.3.5",
				"@angular/http": "4.3.5",
				"ng-formly": "1.0.0-rc.10",
				"quill": "1.3.1"
			}
		},
		"@swimlane/ngx-datatable": {
			"version": "10.0.5",
			"resolved": "https://registry.npmjs.org/@swimlane/ngx-datatable/-/ngx-datatable-10.0.5.tgz",
			"integrity": "sha512-6f525iC6LHe+eIHKzndud1wlTgXO8O6BmUwOWEt0RGcdXZA+ik3OptRD3yhv0QvveCWI/ieNP0RiW25eKfKFHQ=="
		},
		"bootstrap": {
			"version": "4.0.0-beta",
			"resolved": "https://registry.npmjs.org/bootstrap/-/bootstrap-4.0.0-beta.tgz",
			"integrity": "sha512-I/r3fYtUZr+rUNkh8HI+twxZ56p6ehNn27eA1XSebLVQKAJ2xZHnEvZrSR+UR2A/bONcd9gHC3xatVhQlH6R6w=="
		},
		"clone": {
			"version": "2.1.1",
			"resolved": "https://registry.npmjs.org/clone/-/clone-2.1.1.tgz",
			"integrity": "sha1-0hfR6WERjjrJpLi7oyhVU79kfNs="
		},
		"core-js": {
			"version": "2.4.1",
			"resolved": "https://registry.npmjs.org/core-js/-/core-js-2.4.1.tgz",
			"integrity": "sha1-TekR5mew6ukSTjQlS1OupvxhjT4="
		},
		"deep-equal": {
			"version": "1.0.1",
			"resolved": "https://registry.npmjs.org/deep-equal/-/deep-equal-1.0.1.tgz",
			"integrity": "sha1-9dJgKStmDghO/0zbyfCK0yR0SLU="
		},
		"eventemitter3": {
			"version": "2.0.3",
			"resolved": "https://registry.npmjs.org/eventemitter3/-/eventemitter3-2.0.3.tgz",
			"integrity": "sha1-teEHm1n7XhuidxwKmTvgYKWMmbo="
		},
		"extend": {
			"version": "3.0.1",
			"resolved": "https://registry.npmjs.org/extend/-/extend-3.0.1.tgz",
			"integrity": "sha1-p1Xqe8Gt/MWjHOfnYtuq3F5jZEQ="
		},
		"fast-diff": {
			"version": "1.1.1",
			"resolved": "https://registry.npmjs.org/fast-diff/-/fast-diff-1.1.1.tgz",
			"integrity": "sha1-CuoOTmBbaiGJ8Ok21Lf7rxt8/Zs="
		},
		"font-awesome": {
			"version": "4.7.0",
			"resolved": "https://registry.npmjs.org/font-awesome/-/font-awesome-4.7.0.tgz",
			"integrity": "sha1-j6jPBBGhoxr9B7BtKQK7n8gVoTM="
		},
		"jquery": {
			"version": "3.2.1",
			"resolved": "https://registry.npmjs.org/jquery/-/jquery-3.2.1.tgz",
			"integrity": "sha1-XE2d5lKvbNCncBVKYxu6ErAVx4c="
		},
		"lodash": {
			"version": "4.17.4",
			"resolved": "https://registry.npmjs.org/lodash/-/lodash-4.17.4.tgz",
			"integrity": "sha1-eCA6TRwyiuHYbcpkYONptX9AVa4="
		},
		"ng-formly": {
			"version": "1.0.0-rc.10",
			"resolved": "https://registry.npmjs.org/ng-formly/-/ng-formly-1.0.0-rc.10.tgz",
			"integrity": "sha512-zuIXZ+uDNuRDMM/Y3eAITh07tXZ0oHt1msqVzAf+VLRPXJdzXKnwlrn/JWvFhWklV7AeSWX2+cArKDWSubb5PA==",
			"requires": {
				"tslib": "1.7.1"
			}
		},
		"ng2-breadcrumb": {
			"version": "0.5.14",
			"resolved": "https://registry.npmjs.org/ng2-breadcrumb/-/ng2-breadcrumb-0.5.14.tgz",
			"integrity": "sha1-R8AfOWOww7IWZz3ANbC4TWfQGfE=",
			"requires": {
				"@angular/common": "4.3.5",
				"@angular/core": "4.3.5",
				"@angular/http": "4.3.5",
				"@angular/platform-browser": "4.3.5",
				"@angular/platform-browser-dynamic": "4.3.5",
				"@angular/router": "4.3.5",
				"bootstrap": "4.0.0-alpha.6",
				"core-js": "2.4.1",
				"reflect-metadata": "0.1.10",
				"rxjs": "5.4.3",
				"systemjs": "0.19.27",
				"zone.js": "0.8.16"
			},
			"dependencies": {
				"bootstrap": {
					"version": "4.0.0-alpha.6",
					"resolved": "https://registry.npmjs.org/bootstrap/-/bootstrap-4.0.0-alpha.6.tgz",
					"integrity": "sha1-T1TdM6wN6sOyhAe8LffsYIhpycg=",
					"requires": {
						"jquery": "3.2.1",
						"tether": "1.4.0"
					}
				}
			}
		},
		"parchment": {
			"version": "1.1.0",
			"resolved": "https://registry.npmjs.org/parchment/-/parchment-1.1.0.tgz",
			"integrity": "sha1-x5OHqA/Er0uolHuU/FWoNfYoUKU="
		},
		"quill": {
			"version": "1.3.1",
			"resolved": "https://registry.npmjs.org/quill/-/quill-1.3.1.tgz",
			"integrity": "sha1-a2CetyisoS7M+0Ztn+xkewZR64k=",
			"requires": {
				"clone": "2.1.1",
				"deep-equal": "1.0.1",
				"eventemitter3": "2.0.3",
				"extend": "3.0.1",
				"parchment": "1.1.0",
				"quill-delta": "3.5.0"
			}
		},
		"quill-delta": {
			"version": "3.5.0",
			"resolved": "https://registry.npmjs.org/quill-delta/-/quill-delta-3.5.0.tgz",
			"integrity": "sha1-W2fmhdpgw06r7URJxBbHSquJFXs=",
			"requires": {
				"deep-equal": "1.0.1",
				"extend": "3.0.1",
				"fast-diff": "1.1.1"
			}
		},
		"reflect-metadata": {
			"version": "0.1.10",
			"resolved": "https://registry.npmjs.org/reflect-metadata/-/reflect-metadata-0.1.10.tgz",
			"integrity": "sha1-tPg3BEFqytiZiMmxVjXUfgO5NEo="
		},
		"rxjs": {
			"version": "5.4.3",
			"resolved": "https://registry.npmjs.org/rxjs/-/rxjs-5.4.3.tgz",
			"integrity": "sha512-fSNi+y+P9ss+EZuV0GcIIqPUK07DEaMRUtLJvdcvMyFjc9dizuDjere+A4V7JrLGnm9iCc+nagV/4QdMTkqC4A==",
			"requires": {
				"symbol-observable": "1.0.4"
			}
		},
		"simple-line-icons": {
			"version": "2.4.1",
			"resolved": "https://registry.npmjs.org/simple-line-icons/-/simple-line-icons-2.4.1.tgz",
			"integrity": "sha1-t1vFoNh+UwkowszaVzUnS7JW8jQ="
		},
		"symbol-observable": {
			"version": "1.0.4",
			"resolved": "https://registry.npmjs.org/symbol-observable/-/symbol-observable-1.0.4.tgz",
			"integrity": "sha1-Kb9hXUqnEhvdiYsi1LP5vE4qoD0="
		},
		"systemjs": {
			"version": "0.19.27",
			"resolved": "https://registry.npmjs.org/systemjs/-/systemjs-0.19.27.tgz",
			"integrity": "sha1-8XQNVlzmQ3GsDecHKk0eVHG6e6I=",
			"requires": {
				"when": "3.7.8"
			}
		},
		"tether": {
			"version": "1.4.0",
			"resolved": "https://registry.npmjs.org/tether/-/tether-1.4.0.tgz",
			"integrity": "sha1-D5+hcfdb9YSF2BSelHmdeudNHBo="
		},
		"tslib": {
			"version": "1.7.1",
			"resolved": "https://registry.npmjs.org/tslib/-/tslib-1.7.1.tgz",
			"integrity": "sha1-vIAEFkaRkjp5/oN4u+s9ogF1OOw="
		},
		"when": {
			"version": "3.7.8",
			"resolved": "https://registry.npmjs.org/when/-/when-3.7.8.tgz",
			"integrity": "sha1-xxMLan6gRpPoQs3J56Hyqjmjn4I="
		},
		"zone.js": {
			"version": "0.8.16",
			"resolved": "https://registry.npmjs.org/zone.js/-/zone.js-0.8.16.tgz",
			"integrity": "sha1-rDG2xBj4jA+Ritas2KQCrKkxOrs="
		}
	}
}
